// !$*UTF8*$!
{
	archiveVersion = 1;
	classes = {
	};
	objectVersion = 46;
	objects = {

/* Begin PBXBuildFile section */
		566DA66F193E60400046272F /* Foundation.framework in Frameworks */ = {isa = PBXBuildFile; fileRef = 566DA66E193E60400046272F /* Foundation.framework */; };
		566DA671193E60400046272F /* CoreGraphics.framework in Frameworks */ = {isa = PBXBuildFile; fileRef = 566DA670193E60400046272F /* CoreGraphics.framework */; };
		566DA673193E60400046272F /* UIKit.framework in Frameworks */ = {isa = PBXBuildFile; fileRef = 566DA672193E60400046272F /* UIKit.framework */; };
		566DA679193E60400046272F /* InfoPlist.strings in Resources */ = {isa = PBXBuildFile; fileRef = 566DA677193E60400046272F /* InfoPlist.strings */; };
		566DA67B193E60400046272F /* main.m in Sources */ = {isa = PBXBuildFile; fileRef = 566DA67A193E60400046272F /* main.m */; };
		566DA67F193E60400046272F /* DJAppDelegate.m in Sources */ = {isa = PBXBuildFile; fileRef = 566DA67E193E60400046272F /* DJAppDelegate.m */; };
		566DA682193E60400046272F /* Main.storyboard in Resources */ = {isa = PBXBuildFile; fileRef = 566DA680193E60400046272F /* Main.storyboard */; };
		566DA685193E60400046272F /* DJViewController.m in Sources */ = {isa = PBXBuildFile; fileRef = 566DA684193E60400046272F /* DJViewController.m */; };
		566DA687193E60400046272F /* Images.xcassets in Resources */ = {isa = PBXBuildFile; fileRef = 566DA686193E60400046272F /* Images.xcassets */; };
		566DA68E193E60400046272F /* XCTest.framework in Frameworks */ = {isa = PBXBuildFile; fileRef = 566DA68D193E60400046272F /* XCTest.framework */; };
		566DA68F193E60400046272F /* Foundation.framework in Frameworks */ = {isa = PBXBuildFile; fileRef = 566DA66E193E60400046272F /* Foundation.framework */; };
		566DA690193E60400046272F /* UIKit.framework in Frameworks */ = {isa = PBXBuildFile; fileRef = 566DA672193E60400046272F /* UIKit.framework */; };
		566DA698193E60400046272F /* InfoPlist.strings in Resources */ = {isa = PBXBuildFile; fileRef = 566DA696193E60400046272F /* InfoPlist.strings */; };
		566DA69A193E60400046272F /* Age_of_LaikaTests.m in Sources */ = {isa = PBXBuildFile; fileRef = 566DA699193E60400046272F /* Age_of_LaikaTests.m */; };
/* End PBXBuildFile section */

/* Begin PBXContainerItemProxy section */
		566DA691193E60400046272F /* PBXContainerItemProxy */ = {
			isa = PBXContainerItemProxy;
			containerPortal = 566DA663193E60400046272F /* Project object */;
			proxyType = 1;
			remoteGlobalIDString = 566DA66A193E60400046272F;
			remoteInfo = "Age of Laika";
		};
/* End PBXContainerItemProxy section */

/* Begin PBXFileReference section */
		566DA66B193E60400046272F /* Age of Laika.app */ = {isa = PBXFileReference; explicitFileType = wrapper.application; includeInIndex = 0; path = "Age of Laika.app"; sourceTree = BUILT_PRODUCTS_DIR; };
		566DA66E193E60400046272F /* Foundation.framework */ = {isa = PBXFileReference; lastKnownFileType = wrapper.framework; name = Foundation.framework; path = System/Library/Frameworks/Foundation.framework; sourceTree = SDKROOT; };
		566DA670193E60400046272F /* CoreGraphics.framework */ = {isa = PBXFileReference; lastKnownFileType = wrapper.framework; name = CoreGraphics.framework; path = System/Library/Frameworks/CoreGraphics.framework; sourceTree = SDKROOT; };
		566DA672193E60400046272F /* UIKit.framework */ = {isa = PBXFileReference; lastKnownFileType = wrapper.framework; name = UIKit.framework; path = System/Library/Frameworks/UIKit.framework; sourceTree = SDKROOT; };
		566DA676193E60400046272F /* Age of Laika-Info.plist */ = {isa = PBXFileReference; lastKnownFileType = text.plist.xml; path = "Age of Laika-Info.plist"; sourceTree = "<group>"; };
		566DA678193E60400046272F /* en */ = {isa = PBXFileReference; lastKnownFileType = text.plist.strings; name = en; path = en.lproj/InfoPlist.strings; sourceTree = "<group>"; };
		566DA67A193E60400046272F /* main.m */ = {isa = PBXFileReference; lastKnownFileType = sourcecode.c.objc; path = main.m; sourceTree = "<group>"; };
		566DA67C193E60400046272F /* Age of Laika-Prefix.pch */ = {isa = PBXFileReference; lastKnownFileType = sourcecode.c.h; path = "Age of Laika-Prefix.pch"; sourceTree = "<group>"; };
		566DA67D193E60400046272F /* DJAppDelegate.h */ = {isa = PBXFileReference; lastKnownFileType = sourcecode.c.h; path = DJAppDelegate.h; sourceTree = "<group>"; };
		566DA67E193E60400046272F /* DJAppDelegate.m */ = {isa = PBXFileReference; lastKnownFileType = sourcecode.c.objc; path = DJAppDelegate.m; sourceTree = "<group>"; };
		566DA681193E60400046272F /* Base */ = {isa = PBXFileReference; lastKnownFileType = file.storyboard; name = Base; path = Base.lproj/Main.storyboard; sourceTree = "<group>"; };
		566DA683193E60400046272F /* DJViewController.h */ = {isa = PBXFileReference; lastKnownFileType = sourcecode.c.h; path = DJViewController.h; sourceTree = "<group>"; };
		566DA684193E60400046272F /* DJViewController.m */ = {isa = PBXFileReference; lastKnownFileType = sourcecode.c.objc; path = DJViewController.m; sourceTree = "<group>"; };
		566DA686193E60400046272F /* Images.xcassets */ = {isa = PBXFileReference; lastKnownFileType = folder.assetcatalog; path = Images.xcassets; sourceTree = "<group>"; };
		566DA68C193E60400046272F /* Age of LaikaTests.xctest */ = {isa = PBXFileReference; explicitFileType = wrapper.cfbundle; includeInIndex = 0; path = "Age of LaikaTests.xctest"; sourceTree = BUILT_PRODUCTS_DIR; };
		566DA68D193E60400046272F /* XCTest.framework */ = {isa = PBXFileReference; lastKnownFileType = wrapper.framework; name = XCTest.framework; path = Library/Frameworks/XCTest.framework; sourceTree = DEVELOPER_DIR; };
		566DA695193E60400046272F /* Age of LaikaTests-Info.plist */ = {isa = PBXFileReference; lastKnownFileType = text.plist.xml; path = "Age of LaikaTests-Info.plist"; sourceTree = "<group>"; };
		566DA697193E60400046272F /* en */ = {isa = PBXFileReference; lastKnownFileType = text.plist.strings; name = en; path = en.lproj/InfoPlist.strings; sourceTree = "<group>"; };
		566DA699193E60400046272F /* Age_of_LaikaTests.m */ = {isa = PBXFileReference; lastKnownFileType = sourcecode.c.objc; path = Age_of_LaikaTests.m; sourceTree = "<group>"; };
/* End PBXFileReference section */

/* Begin PBXFrameworksBuildPhase section */
		566DA668193E60400046272F /* Frameworks */ = {
			isa = PBXFrameworksBuildPhase;
			buildActionMask = 2147483647;
			files = (
				566DA671193E60400046272F /* CoreGraphics.framework in Frameworks */,
				566DA673193E60400046272F /* UIKit.framework in Frameworks */,
				566DA66F193E60400046272F /* Foundation.framework in Frameworks */,
			);
			runOnlyForDeploymentPostprocessing = 0;
		};
		566DA689193E60400046272F /* Frameworks */ = {
			isa = PBXFrameworksBuildPhase;
			buildActionMask = 2147483647;
			files = (
				566DA68E193E60400046272F /* XCTest.framework in Frameworks */,
				566DA690193E60400046272F /* UIKit.framework in Frameworks */,
				566DA68F193E60400046272F /* Foundation.framework in Frameworks */,
			);
			runOnlyForDeploymentPostprocessing = 0;
		};
/* End PBXFrameworksBuildPhase section */

/* Begin PBXGroup section */
		566DA662193E60400046272F = {
			isa = PBXGroup;
			children = (
				566DA674193E60400046272F /* Age of Laika */,
				566DA693193E60400046272F /* Age of LaikaTests */,
				566DA66D193E60400046272F /* Frameworks */,
				566DA66C193E60400046272F /* Products */,
			);
			sourceTree = "<group>";
		};
		566DA66C193E60400046272F /* Products */ = {
			isa = PBXGroup;
			children = (
				566DA66B193E60400046272F /* Age of Laika.app */,
				566DA68C193E60400046272F /* Age of LaikaTests.xctest */,
			);
			name = Products;
			sourceTree = "<group>";
		};
		566DA66D193E60400046272F /* Frameworks */ = {
			isa = PBXGroup;
			children = (
				566DA66E193E60400046272F /* Foundation.framework */,
				566DA670193E60400046272F /* CoreGraphics.framework */,
				566DA672193E60400046272F /* UIKit.framework */,
				566DA68D193E60400046272F /* XCTest.framework */,
			);
			name = Frameworks;
			sourceTree = "<group>";
		};
		566DA674193E60400046272F /* Age of Laika */ = {
			isa = PBXGroup;
			children = (
				566DA67D193E60400046272F /* DJAppDelegate.h */,
				566DA67E193E60400046272F /* DJAppDelegate.m */,
				566DA680193E60400046272F /* Main.storyboard */,
				566DA683193E60400046272F /* DJViewController.h */,
				566DA684193E60400046272F /* DJViewController.m */,
				566DA686193E60400046272F /* Images.xcassets */,
				566DA675193E60400046272F /* Supporting Files */,
			);
			path = "Age of Laika";
			sourceTree = "<group>";
		};
		566DA675193E60400046272F /* Supporting Files */ = {
			isa = PBXGroup;
			children = (
				566DA676193E60400046272F /* Age of Laika-Info.plist */,
				566DA677193E60400046272F /* InfoPlist.strings */,
				566DA67A193E60400046272F /* main.m */,
				566DA67C193E60400046272F /* Age of Laika-Prefix.pch */,
			);
			name = "Supporting Files";
			sourceTree = "<group>";
		};
		566DA693193E60400046272F /* Age of LaikaTests */ = {
			isa = PBXGroup;
			children = (
				566DA699193E60400046272F /* Age_of_LaikaTests.m */,
				566DA694193E60400046272F /* Supporting Files */,
			);
			path = "Age of LaikaTests";
			sourceTree = "<group>";
		};
		566DA694193E60400046272F /* Supporting Files */ = {
			isa = PBXGroup;
			children = (
				566DA695193E60400046272F /* Age of LaikaTests-Info.plist */,
				566DA696193E60400046272F /* InfoPlist.strings */,
			);
			name = "Supporting Files";
			sourceTree = "<group>";
		};
/* End PBXGroup section */

/* Begin PBXNativeTarget section */
		566DA66A193E60400046272F /* Age of Laika */ = {
			isa = PBXNativeTarget;
			buildConfigurationList = 566DA69D193E60400046272F /* Build configuration list for PBXNativeTarget "Age of Laika" */;
			buildPhases = (
				566DA667193E60400046272F /* Sources */,
				566DA668193E60400046272F /* Frameworks */,
				566DA669193E60400046272F /* Resources */,
			);
			buildRules = (
			);
			dependencies = (
			);
			name = "Age of Laika";
			productName = "Age of Laika";
			productReference = 566DA66B193E60400046272F /* Age of Laika.app */;
			productType = "com.apple.product-type.application";
		};
		566DA68B193E60400046272F /* Age of LaikaTests */ = {
			isa = PBXNativeTarget;
			buildConfigurationList = 566DA6A0193E60400046272F /* Build configuration list for PBXNativeTarget "Age of LaikaTests" */;
			buildPhases = (
				566DA688193E60400046272F /* Sources */,
				566DA689193E60400046272F /* Frameworks */,
				566DA68A193E60400046272F /* Resources */,
			);
			buildRules = (
			);
			dependencies = (
				566DA692193E60400046272F /* PBXTargetDependency */,
			);
			name = "Age of LaikaTests";
			productName = "Age of LaikaTests";
			productReference = 566DA68C193E60400046272F /* Age of LaikaTests.xctest */;
			productType = "com.apple.product-type.bundle.unit-test";
		};
/* End PBXNativeTarget section */

/* Begin PBXProject section */
		566DA663193E60400046272F /* Project object */ = {
			isa = PBXProject;
			attributes = {
				CLASSPREFIX = DJ;
				LastUpgradeCheck = 0510;
				TargetAttributes = {
					566DA68B193E60400046272F = {
						TestTargetID = 566DA66A193E60400046272F;
					};
				};
			};
			buildConfigurationList = 566DA666193E60400046272F /* Build configuration list for PBXProject "Age of Laika" */;
			compatibilityVersion = "Xcode 3.2";
			developmentRegion = English;
			hasScannedForEncodings = 0;
			knownRegions = (
				en,
				Base,
			);
			mainGroup = 566DA662193E60400046272F;
			productRefGroup = 566DA66C193E60400046272F /* Products */;
			projectDirPath = "";
			projectRoot = "";
			targets = (
				566DA66A193E60400046272F /* Age of Laika */,
				566DA68B193E60400046272F /* Age of LaikaTests */,
			);
		};
/* End PBXProject section */

/* Begin PBXResourcesBuildPhase section */
		566DA669193E60400046272F /* Resources */ = {
			isa = PBXResourcesBuildPhase;
			buildActionMask = 2147483647;
			files = (
				566DA687193E60400046272F /* Images.xcassets in Resources */,
				566DA679193E60400046272F /* InfoPlist.strings in Resources */,
				566DA682193E60400046272F /* Main.storyboard in Resources */,
			);
			runOnlyForDeploymentPostprocessing = 0;
		};
		566DA68A193E60400046272F /* Resources */ = {
			isa = PBXResourcesBuildPhase;
			buildActionMask = 2147483647;
			files = (
				566DA698193E60400046272F /* InfoPlist.strings in Resources */,
			);
			runOnlyForDeploymentPostprocessing = 0;
		};
/* End PBXResourcesBuildPhase section */

/* Begin PBXSourcesBuildPhase section */
		566DA667193E60400046272F /* Sources */ = {
			isa = PBXSourcesBuildPhase;
			buildActionMask = 2147483647;
			files = (
				566DA67F193E60400046272F /* DJAppDelegate.m in Sources */,
				566DA685193E60400046272F /* DJViewController.m in Sources */,
				566DA67B193E60400046272F /* main.m in Sources */,
			);
			runOnlyForDeploymentPostprocessing = 0;
		};
		566DA688193E60400046272F /* Sources */ = {
			isa = PBXSourcesBuildPhase;
			buildActionMask = 2147483647;
			files = (
				566DA69A193E60400046272F /* Age_of_LaikaTests.m in Sources */,
			);
			runOnlyForDeploymentPostprocessing = 0;
		};
/* End PBXSourcesBuildPhase section */

/* Begin PBXTargetDependency section */
		566DA692193E60400046272F /* PBXTargetDependency */ = {
			isa = PBXTargetDependency;
			target = 566DA66A193E60400046272F /* Age of Laika */;
			targetProxy = 566DA691193E60400046272F /* PBXContainerItemProxy */;
		};
/* End PBXTargetDependency section */

/* Begin PBXVariantGroup section */
		566DA677193E60400046272F /* InfoPlist.strings */ = {
			isa = PBXVariantGroup;
			children = (
				566DA678193E60400046272F /* en */,
			);
			name = InfoPlist.strings;
			sourceTree = "<group>";
		};
		566DA680193E60400046272F /* Main.storyboard */ = {
			isa = PBXVariantGroup;
			children = (
				566DA681193E60400046272F /* Base */,
			);
			name = Main.storyboard;
			sourceTree = "<group>";
		};
		566DA696193E60400046272F /* InfoPlist.strings */ = {
			isa = PBXVariantGroup;
			children = (
				566DA697193E60400046272F /* en */,
			);
			name = InfoPlist.strings;
			sourceTree = "<group>";
		};
/* End PBXVariantGroup section */

/* Begin XCBuildConfiguration section */
		566DA69B193E60400046272F /* Debug */ = {
			isa = XCBuildConfiguration;
			buildSettings = {
				ALWAYS_SEARCH_USER_PATHS = NO;
				CLANG_CXX_LANGUAGE_STANDARD = "gnu++0x";
				CLANG_CXX_LIBRARY = "libc++";
				CLANG_ENABLE_MODULES = YES;
				CLANG_ENABLE_OBJC_ARC = YES;
				CLANG_WARN_BOOL_CONVERSION = YES;
				CLANG_WARN_CONSTANT_CONVERSION = YES;
				CLANG_WARN_DIRECT_OBJC_ISA_USAGE = YES_ERROR;
				CLANG_WARN_EMPTY_BODY = YES;
				CLANG_WARN_ENUM_CONVERSION = YES;
				CLANG_WARN_INT_CONVERSION = YES;
				CLANG_WARN_OBJC_ROOT_CLASS = YES_ERROR;
				CLANG_WARN__DUPLICATE_METHOD_MATCH = YES;
				"CODE_SIGN_IDENTITY[sdk=iphoneos*]" = "iPhone Developer";
				COPY_PHASE_STRIP = NO;
				GCC_C_LANGUAGE_STANDARD = gnu99;
				GCC_DYNAMIC_NO_PIC = NO;
				GCC_OPTIMIZATION_LEVEL = 0;
				GCC_PREPROCESSOR_DEFINITIONS = (
					"DEBUG=1",
					"$(inherited)",
				);
				GCC_SYMBOLS_PRIVATE_EXTERN = NO;
				GCC_WARN_64_TO_32_BIT_CONVERSION = YES;
				GCC_WARN_ABOUT_RETURN_TYPE = YES_ERROR;
				GCC_WARN_UNDECLARED_SELECTOR = YES;
				GCC_WARN_UNINITIALIZED_AUTOS = YES_AGGRESSIVE;
				GCC_WARN_UNUSED_FUNCTION = YES;
				GCC_WARN_UNUSED_VARIABLE = YES;
				IPHONEOS_DEPLOYMENT_TARGET = 7.1;
				ONLY_ACTIVE_ARCH = YES;
				SDKROOT = iphoneos;
			};
			name = Debug;
		};
		566DA69C193E60400046272F /* Release */ = {
			isa = XCBuildConfiguration;
			buildSettings = {
				ALWAYS_SEARCH_USER_PATHS = NO;
				CLANG_CXX_LANGUAGE_STANDARD = "gnu++0x";
				CLANG_CXX_LIBRARY = "libc++";
				CLANG_ENABLE_MODULES = YES;
				CLANG_ENABLE_OBJC_ARC = YES;
				CLANG_WARN_BOOL_CONVERSION = YES;
				CLANG_WARN_CONSTANT_CONVERSION = YES;
				CLANG_WARN_DIRECT_OBJC_ISA_USAGE = YES_ERROR;
				CLANG_WARN_EMPTY_BODY = YES;
				CLANG_WARN_ENUM_CONVERSION = YES;
				CLANG_WARN_INT_CONVERSION = YES;
				CLANG_WARN_OBJC_ROOT_CLASS = YES_ERROR;
				CLANG_WARN__DUPLICATE_METHOD_MATCH = YES;
				"CODE_SIGN_IDENTITY[sdk=iphoneos*]" = "iPhone Developer";
				COPY_PHASE_STRIP = YES;
				ENABLE_NS_ASSERTIONS = NO;
				GCC_C_LANGUAGE_STANDARD = gnu99;
				GCC_WARN_64_TO_32_BIT_CONVERSION = YES;
				GCC_WARN_ABOUT_RETURN_TYPE = YES_ERROR;
				GCC_WARN_UNDECLARED_SELECTOR = YES;
				GCC_WARN_UNINITIALIZED_AUTOS = YES_AGGRESSIVE;
				GCC_WARN_UNUSED_FUNCTION = YES;
				GCC_WARN_UNUSED_VARIABLE = YES;
				IPHONEOS_DEPLOYMENT_TARGET = 7.1;
				SDKROOT = iphoneos;
				VALIDATE_PRODUCT = YES;
			};
			name = Release;
		};
		566DA69E193E60400046272F /* Debug */ = {
			isa = XCBuildConfiguration;
			buildSettings = {
				ASSETCATALOG_COMPILER_APPICON_NAME = AppIcon;
				ASSETCATALOG_COMPILER_LAUNCHIMAGE_NAME = LaunchImage;
				GCC_PRECOMPILE_PREFIX_HEADER = YES;
				GCC_PREFIX_HEADER = "Age of Laika/Age of Laika-Prefix.pch";
				INFOPLIST_FILE = "Age of Laika/Age of Laika-Info.plist";
				PRODUCT_NAME = "$(TARGET_NAME)";
				WRAPPER_EXTENSION = app;
			};
			name = Debug;
		};
		566DA69F193E60400046272F /* Release */ = {
			isa = XCBuildConfiguration;
			buildSettings = {
				ASSETCATALOG_COMPILER_APPICON_NAME = AppIcon;
				ASSETCATALOG_COMPILER_LAUNCHIMAGE_NAME = LaunchImage;
				GCC_PRECOMPILE_PREFIX_HEADER = YES;
				GCC_PREFIX_HEADER = "Age of Laika/Age of Laika-Prefix.pch";
				INFOPLIST_FILE = "Age of Laika/Age of Laika-Info.plist";
				PRODUCT_NAME = "$(TARGET_NAME)";
				WRAPPER_EXTENSION = app;
			};
			name = Release;
		};
		566DA6A1193E60400046272F /* Debug */ = {
			isa = XCBuildConfiguration;
			buildSettings = {
				BUNDLE_LOADER = "$(BUILT_PRODUCTS_DIR)/Age of Laika.app/Age of Laika";
				FRAMEWORK_SEARCH_PATHS = (
					"$(SDKROOT)/Developer/Library/Frameworks",
					"$(inherited)",
					"$(DEVELOPER_FRAMEWORKS_DIR)",
				);
				GCC_PRECOMPILE_PREFIX_HEADER = YES;
				GCC_PREFIX_HEADER = "Age of Laika/Age of Laika-Prefix.pch";
				GCC_PREPROCESSOR_DEFINITIONS = (
					"DEBUG=1",
					"$(inherited)",
				);
				INFOPLIST_FILE = "Age of LaikaTests/Age of LaikaTests-Info.plist";
				PRODUCT_NAME = "$(TARGET_NAME)";
				TEST_HOST = "$(BUNDLE_LOADER)";
				WRAPPER_EXTENSION = xctest;
			};
			name = Debug;
		};
		566DA6A2193E60400046272F /* Release */ = {
			isa = XCBuildConfiguration;
			buildSettings = {
				BUNDLE_LOADER = "$(BUILT_PRODUCTS_DIR)/Age of Laika.app/Age of Laika";
				FRAMEWORK_SEARCH_PATHS = (
					"$(SDKROOT)/Developer/Library/Frameworks",
					"$(inherited)",
					"$(DEVELOPER_FRAMEWORKS_DIR)",
				);
				GCC_PRECOMPILE_PREFIX_HEADER = YES;
				GCC_PREFIX_HEADER = "Age of Laika/Age of Laika-Prefix.pch";
				INFOPLIST_FILE = "Age of LaikaTests/Age of LaikaTests-Info.plist";
				PRODUCT_NAME = "$(TARGET_NAME)";
				TEST_HOST = "$(BUNDLE_LOADER)";
				WRAPPER_EXTENSION = xctest;
			};
			name = Release;
		};
/* End XCBuildConfiguration section */

/* Begin XCConfigurationList section */
		566DA666193E60400046272F /* Build configuration list for PBXProject "Age of Laika" */ = {
			isa = XCConfigurationList;
			buildConfigurations = (
				566DA69B193E60400046272F /* Debug */,
				566DA69C193E60400046272F /* Release */,
			);
			defaultConfigurationIsVisible = 0;
			defaultConfigurationName = Release;
		};
		566DA69D193E60400046272F /* Build configuration list for PBXNativeTarget "Age of Laika" */ = {
			isa = XCConfigurationList;
			buildConfigurations = (
				566DA69E193E60400046272F /* Debug */,
				566DA69F193E60400046272F /* Release */,
			);
			defaultConfigurationIsVisible = 0;
		};
		566DA6A0193E60400046272F /* Build configuration list for PBXNativeTarget "Age of LaikaTests" */ = {
			isa = XCConfigurationList;
			buildConfigurations = (
				566DA6A1193E60400046272F /* Debug */,
				566DA6A2193E60400046272F /* Release */,
			);
			defaultConfigurationIsVisible = 0;
		};
/* End XCConfigurationList section */
	};
	rootObject = 566DA663193E60400046272F /* Project object */;
}
